<?xml version="1.0" encoding="utf-8"?>
<Project ToolsVersion="4.0" xmlns="http://schemas.microsoft.com/developer/msbuild/2003">
  <ItemGroup>
    <Filter Include="Source Files">
      <UniqueIdentifier>{4FC737F1-C7A5-4376-A066-2A32D752A2FF}</UniqueIdentifier>
      <Extensions>cpp;c;cc;cxx;def;odl;idl;hpj;bat;asm;asmx</Extensions>
    </Filter>
    <Filter Include="Header Files">
      <UniqueIdentifier>{93995380-89BD-4b04-88EB-625FBE52EBFB}</UniqueIdentifier>
      <Extensions>h;hh;hpp;hxx;hm;inl;inc;ipp;xsd</Extensions>
    </Filter>
    <Filter Include="Resource Files">
      <UniqueIdentifier>{67DA6AB6-F800-4c08-8B7A-83BB121AAD01}</UniqueIdentifier>
      <Extensions>rc;ico;cur;bmp;dlg;rc2;rct;bin;rgs;gif;jpg;jpeg;jpe;resx;tiff;tif;png;wav;mfcribbon-ms</Extensions>
    </Filter>
    <Filter Include="GameObjects">
      <UniqueIdentifier>{e4c3a66f-0dd5-480b-84b4-e0a88c8d2d60}</UniqueIdentifier>
    </Filter>
    <Filter Include="GameObjectsH">
      <UniqueIdentifier>{213c937e-35d2-4729-b823-fe5965851d47}</UniqueIdentifier>
    </Filter>
    <Filter Include="Libs">
      <UniqueIdentifier>{7f132245-8cbd-4b0b-9a9f-f1b96e202a94}</UniqueIdentifier>
    </Filter>
  </ItemGroup>
  <ItemGroup>
    <ClCompile Include="main.cpp">
      <Filter>Source Files</Filter>
    </ClCompile>
    <ClCompile Include="GameObjects\IGameObject.cpp">
      <Filter>GameObjects</Filter>
    </ClCompile>
    <ClCompile Include="GameObjects\ICharacter.cpp">
      <Filter>GameObjects</Filter>
    </ClCompile>
    <ClCompile Include="GameObjects\Player.cpp">
      <Filter>GameObjects</Filter>
    </ClCompile>
    <ClCompile Include="GameObjects\Level.cpp">
      <Filter>GameObjects</Filter>
    </ClCompile>
    <ClCompile Include="GameSystem.cpp">
      <Filter>Source Files</Filter>
    </ClCompile>
    <ClCompile Include="GameObjects\Enemy.cpp">
      <Filter>GameObjects</Filter>
    </ClCompile>
    <ClCompile Include="GameObjects\Bullet.cpp">
      <Filter>GameObjects</Filter>
    </ClCompile>
    <ClCompile Include="GameObjects\IShootingCharacter.cpp">
      <Filter>GameObjects</Filter>
    </ClCompile>
    <ClCompile Include="GameObjects\ShootingEnemy.cpp">
      <Filter>GameObjects</Filter>
    </ClCompile>
  </ItemGroup>
  <ItemGroup>
    <ClInclude Include="GameObjects\IGameObject.h">
      <Filter>GameObjectsH</Filter>
    </ClInclude>
    <ClInclude Include="GameObjects\ICharacter.h">
      <Filter>GameObjectsH</Filter>
    </ClInclude>
    <ClInclude Include="GameObjects\Player.h">
      <Filter>GameObjectsH</Filter>
    </ClInclude>
    <ClInclude Include="GameSystem.h">
      <Filter>Header Files</Filter>
    </ClInclude>
    <ClInclude Include="pdcurses\curses.h">
      <Filter>Libs</Filter>
    </ClInclude>
    <ClInclude Include="GameObjects\Level.h">
      <Filter>GameObjectsH</Filter>
    </ClInclude>
    <ClInclude Include="GameObjects\Enemy.h">
      <Filter>GameObjectsH</Filter>
    </ClInclude>
    <ClInclude Include="GameObjects\Bullet.h">
      <Filter>GameObjectsH</Filter>
    </ClInclude>
    <ClInclude Include="GameObjects\IShootingCharacter.h">
      <Filter>GameObjectsH</Filter>
    </ClInclude>
    <ClInclude Include="GameObjects\ShootingEnemy.h">
      <Filter>GameObjectsH</Filter>
    </ClInclude>
  </ItemGroup>
  <ItemGroup>
    <Library Include="pdcurses\pdcurses.lib" />
  </ItemGroup>
  <ItemGroup>
    <Text Include="level1.txt" />
  </ItemGroup>
  <ItemGroup>
    <None Include="enemiesLevel1.json" />
  </ItemGroup>
</Project>