
Microsoft Visual Studio Solution File, Format Version 12.00
# Visual Studio Version 16
VisualStudioVersion = 16.0.29326.143
MinimumVisualStudioVersion = 10.0.40219.1
Project("{8BC9CEB8-8B4A-11D0-8D11-00A0C91BC942}") = "B", "B\B.vcxproj", "{7CAD0947-75FD-4F61-95CD-4FDC56B1450D}"
EndProject
Global
	GlobalSection(SolutionConfigurationPlatforms) = preSolution
		Debug|x64 = Debug|x64
		Debug|x86 = Debug|x86
		Release|x64 = Release|x64
		Release|x86 = Release|x86
	EndGlobalSection
	GlobalSection(ProjectConfigurationPlatforms) = postSolution
		{7CAD0947-75FD-4F61-95CD-4FDC56B1450D}.Debug|x64.ActiveCfg = Debug|x64
		{7CAD0947-75FD-4F61-95CD-4FDC56B1450D}.Debug|x64.Build.0 = Debug|x64
		{7CAD0947-75FD-4F61-95CD-4FDC56B1450D}.Debug|x86.ActiveCfg = Debug|Win32
		{7CAD0947-75FD-4F61-95CD-4FDC56B1450D}.Debug|x86.Build.0 = Debug|Win32
		{7CAD0947-75FD-4F61-95CD-4FDC56B1450D}.Release|x64.ActiveCfg = Release|x64
		{7CAD0947-75FD-4F61-95CD-4FDC56B1450D}.Release|x64.Build.0 = Release|x64
		{7CAD0947-75FD-4F61-95CD-4FDC56B1450D}.Release|x86.ActiveCfg = Release|Win32
		{7CAD0947-75FD-4F61-95CD-4FDC56B1450D}.Release|x86.Build.0 = Release|Win32
	EndGlobalSection
	GlobalSection(SolutionProperties) = preSolution
		HideSolutionNode = FALSE
	EndGlobalSection
	GlobalSection(ExtensibilityGlobals) = postSolution
		SolutionGuid = {AA4854AA-BE4D-40EF-B933-82B99B024C2D}
	EndGlobalSection
EndGlobal
